
Microsoft Visual Studio Solution File, Format Version 12.00
# Visual Studio Version 17
VisualStudioVersion = 17.4.33205.214
MinimumVisualStudioVersion = 10.0.40219.1
Project("{9A19103F-16F7-4668-BE54-9A1E7A4F7556}") = "TG.Code.ConfiguratonAPI", "TG.Code.ConfiguratonAPI\TG.Code.ConfiguratonAPI.csproj", "{9EC06C39-0D1D-47DC-B490-8AEA4D69B93B}"
EndProject
Global
	GlobalSection(SolutionConfigurationPlatforms) = preSolution
		Debug|Any CPU = Debug|Any CPU
		Release|Any CPU = Release|Any CPU
	EndGlobalSection
	GlobalSection(ProjectConfigurationPlatforms) = postSolution
		{9EC06C39-0D1D-47DC-B490-8AEA4D69B93B}.Debug|Any CPU.ActiveCfg = Debug|Any CPU
		{9EC06C39-0D1D-47DC-B490-8AEA4D69B93B}.Debug|Any CPU.Build.0 = Debug|Any CPU
		{9EC06C39-0D1D-47DC-B490-8AEA4D69B93B}.Release|Any CPU.ActiveCfg = Release|Any CPU
		{9EC06C39-0D1D-47DC-B490-8AEA4D69B93B}.Release|Any CPU.Build.0 = Release|Any CPU
	EndGlobalSection
	GlobalSection(SolutionProperties) = preSolution
		HideSolutionNode = FALSE
	EndGlobalSection
	GlobalSection(ExtensibilityGlobals) = postSolution
		SolutionGuid = {284CE543-D41B-48C6-9783-A3CE64FBB697}
	EndGlobalSection
EndGlobal
